
Microsoft Visual Studio Solution File, Format Version 12.00
# Visual Studio Version 17
VisualStudioVersion = 17.7.34031.279
MinimumVisualStudioVersion = 10.0.40219.1
Project("{FAE04EC0-301F-11D3-BF4B-00C04F79EFBC}") = "Energetic-development", "Energetic-development.csproj", "{553745B4-76B2-42FA-AA59-B7FEB3011250}"
EndProject
Global
	GlobalSection(SolutionConfigurationPlatforms) = preSolution
		Debug|Any CPU = Debug|Any CPU
		Release|Any CPU = Release|Any CPU
	EndGlobalSection
	GlobalSection(ProjectConfigurationPlatforms) = postSolution
		{553745B4-76B2-42FA-AA59-B7FEB3011250}.Debug|Any CPU.ActiveCfg = Debug|Any CPU
		{553745B4-76B2-42FA-AA59-B7FEB3011250}.Debug|Any CPU.Build.0 = Debug|Any CPU
		{553745B4-76B2-42FA-AA59-B7FEB3011250}.Release|Any CPU.ActiveCfg = Release|Any CPU
		{553745B4-76B2-42FA-AA59-B7FEB3011250}.Release|Any CPU.Build.0 = Release|Any CPU
	EndGlobalSection
	GlobalSection(SolutionProperties) = preSolution
		HideSolutionNode = FALSE
	EndGlobalSection
	GlobalSection(ExtensibilityGlobals) = postSolution
		SolutionGuid = {595CE397-7109-4EA3-B3FA-3C106AB65E78}
	EndGlobalSection
EndGlobal
